// !$*UTF8*$!
{
	archiveVersion = 1;
	classes = {
	};
	objectVersion = 55;
	objects = {

/* Begin PBXBuildFile section */
		4360420427B5D1AE000CD8E7 /* FileManager.swift in Sources */ = {isa = PBXBuildFile; fileRef = 4360420327B5D1AE000CD8E7 /* FileManager.swift */; };
		436FACDF27A0A56C00A38286 /* Date.swift in Sources */ = {isa = PBXBuildFile; fileRef = 436FACDE27A0A56C00A38286 /* Date.swift */; };
		436FACE127A0B60900A38286 /* DivisionItem.swift in Sources */ = {isa = PBXBuildFile; fileRef = 436FACE027A0B60900A38286 /* DivisionItem.swift */; };
		43BF113E279F278D00C85039 /* AbsenceRecorderApp.swift in Sources */ = {isa = PBXBuildFile; fileRef = 43BF113D279F278D00C85039 /* AbsenceRecorderApp.swift */; };
		43BF1140279F278D00C85039 /* DivisionsView.swift in Sources */ = {isa = PBXBuildFile; fileRef = 43BF113F279F278D00C85039 /* DivisionsView.swift */; };
		43BF1142279F278E00C85039 /* Assets.xcassets in Resources */ = {isa = PBXBuildFile; fileRef = 43BF1141279F278E00C85039 /* Assets.xcassets */; };
		43BF1145279F278E00C85039 /* Preview Assets.xcassets in Resources */ = {isa = PBXBuildFile; fileRef = 43BF1144279F278E00C85039 /* Preview Assets.xcassets */; };
		43BF114F279F278E00C85039 /* AbsenceRecorderTests.swift in Sources */ = {isa = PBXBuildFile; fileRef = 43BF114E279F278E00C85039 /* AbsenceRecorderTests.swift */; };
		43BF1159279F278E00C85039 /* AbsenceRecorderUITests.swift in Sources */ = {isa = PBXBuildFile; fileRef = 43BF1158279F278E00C85039 /* AbsenceRecorderUITests.swift */; };
		43BF115B279F278E00C85039 /* AbsenceRecorderUITestsLaunchTests.swift in Sources */ = {isa = PBXBuildFile; fileRef = 43BF115A279F278E00C85039 /* AbsenceRecorderUITestsLaunchTests.swift */; };
		43BF116A279F2A0A00C85039 /* Student.swift in Sources */ = {isa = PBXBuildFile; fileRef = 43BF1169279F2A0A00C85039 /* Student.swift */; };
		43BF116C279F2A7700C85039 /* Division.swift in Sources */ = {isa = PBXBuildFile; fileRef = 43BF116B279F2A7700C85039 /* Division.swift */; };
		43C08C0527A9D64900A3C3E8 /* AbscenceView.swift in Sources */ = {isa = PBXBuildFile; fileRef = 43C08C0427A9D64900A3C3E8 /* AbscenceView.swift */; };
		43C08C0727A9D71600A3C3E8 /* RootTabView.swift in Sources */ = {isa = PBXBuildFile; fileRef = 43C08C0627A9D71600A3C3E8 /* RootTabView.swift */; };
		43C08C0A27A9DFB400A3C3E8 /* StatisticsView.swift in Sources */ = {isa = PBXBuildFile; fileRef = 43C08C0927A9DFB400A3C3E8 /* StatisticsView.swift */; };
		43C08C0E27A9E49A00A3C3E8 /* StateController.swift in Sources */ = {isa = PBXBuildFile; fileRef = 43C08C0D27A9E49A00A3C3E8 /* StateController.swift */; };
		43CDC24727AC2ED7007AAA27 /* AbsenceItem.swift in Sources */ = {isa = PBXBuildFile; fileRef = 43CDC24627AC2ED7007AAA27 /* AbsenceItem.swift */; };
		43CDC24927AC3264007AAA27 /* StudentAbsence.swift in Sources */ = {isa = PBXBuildFile; fileRef = 43CDC24827AC3264007AAA27 /* StudentAbsence.swift */; };
		43CDC24B27AC3DF7007AAA27 /* Absence.swift in Sources */ = {isa = PBXBuildFile; fileRef = 43CDC24A27AC3DF7007AAA27 /* Absence.swift */; };
		43CDC24D27AC40AC007AAA27 /* DivisionTests.swift in Sources */ = {isa = PBXBuildFile; fileRef = 43CDC24C27AC40AC007AAA27 /* DivisionTests.swift */; };
/* End PBXBuildFile section */

/* Begin PBXContainerItemProxy section */
		43BF114B279F278E00C85039 /* PBXContainerItemProxy */ = {
			isa = PBXContainerItemProxy;
			containerPortal = 43BF1132279F278D00C85039 /* Project object */;
			proxyType = 1;
			remoteGlobalIDString = 43BF1139279F278D00C85039;
			remoteInfo = AbsenceRecorder;
		};
		43BF1155279F278E00C85039 /* PBXContainerItemProxy */ = {
			isa = PBXContainerItemProxy;
			containerPortal = 43BF1132279F278D00C85039 /* Project object */;
			proxyType = 1;
			remoteGlobalIDString = 43BF1139279F278D00C85039;
			remoteInfo = AbsenceRecorder;
		};
/* End PBXContainerItemProxy section */

/* Begin PBXFileReference section */
		4360420327B5D1AE000CD8E7 /* FileManager.swift */ = {isa = PBXFileReference; lastKnownFileType = sourcecode.swift; path = FileManager.swift; sourceTree = "<group>"; };
		436FACDE27A0A56C00A38286 /* Date.swift */ = {isa = PBXFileReference; lastKnownFileType = sourcecode.swift; path = Date.swift; sourceTree = "<group>"; };
		436FACE027A0B60900A38286 /* DivisionItem.swift */ = {isa = PBXFileReference; lastKnownFileType = sourcecode.swift; path = DivisionItem.swift; sourceTree = "<group>"; };
		43BF113A279F278D00C85039 /* AbsenceRecorder.app */ = {isa = PBXFileReference; explicitFileType = wrapper.application; includeInIndex = 0; path = AbsenceRecorder.app; sourceTree = BUILT_PRODUCTS_DIR; };
		43BF113D279F278D00C85039 /* AbsenceRecorderApp.swift */ = {isa = PBXFileReference; lastKnownFileType = sourcecode.swift; path = AbsenceRecorderApp.swift; sourceTree = "<group>"; };
		43BF113F279F278D00C85039 /* DivisionsView.swift */ = {isa = PBXFileReference; lastKnownFileType = sourcecode.swift; path = DivisionsView.swift; sourceTree = "<group>"; };
		43BF1141279F278E00C85039 /* Assets.xcassets */ = {isa = PBXFileReference; lastKnownFileType = folder.assetcatalog; path = Assets.xcassets; sourceTree = "<group>"; };
		43BF1144279F278E00C85039 /* Preview Assets.xcassets */ = {isa = PBXFileReference; lastKnownFileType = folder.assetcatalog; path = "Preview Assets.xcassets"; sourceTree = "<group>"; };
		43BF114A279F278E00C85039 /* AbsenceRecorderTests.xctest */ = {isa = PBXFileReference; explicitFileType = wrapper.cfbundle; includeInIndex = 0; path = AbsenceRecorderTests.xctest; sourceTree = BUILT_PRODUCTS_DIR; };
		43BF114E279F278E00C85039 /* AbsenceRecorderTests.swift */ = {isa = PBXFileReference; lastKnownFileType = sourcecode.swift; path = AbsenceRecorderTests.swift; sourceTree = "<group>"; };
		43BF1154279F278E00C85039 /* AbsenceRecorderUITests.xctest */ = {isa = PBXFileReference; explicitFileType = wrapper.cfbundle; includeInIndex = 0; path = AbsenceRecorderUITests.xctest; sourceTree = BUILT_PRODUCTS_DIR; };
		43BF1158279F278E00C85039 /* AbsenceRecorderUITests.swift */ = {isa = PBXFileReference; lastKnownFileType = sourcecode.swift; path = AbsenceRecorderUITests.swift; sourceTree = "<group>"; };
		43BF115A279F278E00C85039 /* AbsenceRecorderUITestsLaunchTests.swift */ = {isa = PBXFileReference; lastKnownFileType = sourcecode.swift; path = AbsenceRecorderUITestsLaunchTests.swift; sourceTree = "<group>"; };
		43BF1169279F2A0A00C85039 /* Student.swift */ = {isa = PBXFileReference; lastKnownFileType = sourcecode.swift; path = Student.swift; sourceTree = "<group>"; };
		43BF116B279F2A7700C85039 /* Division.swift */ = {isa = PBXFileReference; lastKnownFileType = sourcecode.swift; path = Division.swift; sourceTree = "<group>"; };
		43C08C0427A9D64900A3C3E8 /* AbscenceView.swift */ = {isa = PBXFileReference; lastKnownFileType = sourcecode.swift; path = AbscenceView.swift; sourceTree = "<group>"; };
		43C08C0627A9D71600A3C3E8 /* RootTabView.swift */ = {isa = PBXFileReference; lastKnownFileType = sourcecode.swift; path = RootTabView.swift; sourceTree = "<group>"; };
		43C08C0927A9DFB400A3C3E8 /* StatisticsView.swift */ = {isa = PBXFileReference; lastKnownFileType = sourcecode.swift; path = StatisticsView.swift; sourceTree = "<group>"; };
		43C08C0D27A9E49A00A3C3E8 /* StateController.swift */ = {isa = PBXFileReference; lastKnownFileType = sourcecode.swift; path = StateController.swift; sourceTree = "<group>"; };
		43CDC24627AC2ED7007AAA27 /* AbsenceItem.swift */ = {isa = PBXFileReference; lastKnownFileType = sourcecode.swift; path = AbsenceItem.swift; sourceTree = "<group>"; };
		43CDC24827AC3264007AAA27 /* StudentAbsence.swift */ = {isa = PBXFileReference; lastKnownFileType = sourcecode.swift; path = StudentAbsence.swift; sourceTree = "<group>"; };
		43CDC24A27AC3DF7007AAA27 /* Absence.swift */ = {isa = PBXFileReference; lastKnownFileType = sourcecode.swift; path = Absence.swift; sourceTree = "<group>"; };
		43CDC24C27AC40AC007AAA27 /* DivisionTests.swift */ = {isa = PBXFileReference; lastKnownFileType = sourcecode.swift; path = DivisionTests.swift; sourceTree = "<group>"; };
/* End PBXFileReference section */

/* Begin PBXFrameworksBuildPhase section */
		43BF1137279F278D00C85039 /* Frameworks */ = {
			isa = PBXFrameworksBuildPhase;
			buildActionMask = 2147483647;
			files = (
			);
			runOnlyForDeploymentPostprocessing = 0;
		};
		43BF1147279F278E00C85039 /* Frameworks */ = {
			isa = PBXFrameworksBuildPhase;
			buildActionMask = 2147483647;
			files = (
			);
			runOnlyForDeploymentPostprocessing = 0;
		};
		43BF1151279F278E00C85039 /* Frameworks */ = {
			isa = PBXFrameworksBuildPhase;
			buildActionMask = 2147483647;
			files = (
			);
			runOnlyForDeploymentPostprocessing = 0;
		};
/* End PBXFrameworksBuildPhase section */

/* Begin PBXGroup section */
		436FACDD27A0A55600A38286 /* Extensions */ = {
			isa = PBXGroup;
			children = (
				436FACDE27A0A56C00A38286 /* Date.swift */,
				4360420327B5D1AE000CD8E7 /* FileManager.swift */,
			);
			path = Extensions;
			sourceTree = "<group>";
		};
		43BF1131279F278D00C85039 = {
			isa = PBXGroup;
			children = (
				43BF113C279F278D00C85039 /* AbsenceRecorder */,
				43BF114D279F278E00C85039 /* AbsenceRecorderTests */,
				43BF1157279F278E00C85039 /* AbsenceRecorderUITests */,
				43BF113B279F278D00C85039 /* Products */,
			);
			sourceTree = "<group>";
		};
		43BF113B279F278D00C85039 /* Products */ = {
			isa = PBXGroup;
			children = (
				43BF113A279F278D00C85039 /* AbsenceRecorder.app */,
				43BF114A279F278E00C85039 /* AbsenceRecorderTests.xctest */,
				43BF1154279F278E00C85039 /* AbsenceRecorderUITests.xctest */,
			);
			name = Products;
			sourceTree = "<group>";
		};
		43BF113C279F278D00C85039 /* AbsenceRecorder */ = {
			isa = PBXGroup;
			children = (
				436FACDD27A0A55600A38286 /* Extensions */,
				43BF1168279F29EA00C85039 /* View */,
				43BF1167279F29E100C85039 /* Model */,
				43BF113D279F278D00C85039 /* AbsenceRecorderApp.swift */,
				43C08C0D27A9E49A00A3C3E8 /* StateController.swift */,
				43BF1141279F278E00C85039 /* Assets.xcassets */,
				43BF1143279F278E00C85039 /* Preview Content */,
			);
			path = AbsenceRecorder;
			sourceTree = "<group>";
		};
		43BF1143279F278E00C85039 /* Preview Content */ = {
			isa = PBXGroup;
			children = (
				43BF1144279F278E00C85039 /* Preview Assets.xcassets */,
			);
			path = "Preview Content";
			sourceTree = "<group>";
		};
		43BF114D279F278E00C85039 /* AbsenceRecorderTests */ = {
			isa = PBXGroup;
			children = (
				43BF114E279F278E00C85039 /* AbsenceRecorderTests.swift */,
				43CDC24C27AC40AC007AAA27 /* DivisionTests.swift */,
			);
			path = AbsenceRecorderTests;
			sourceTree = "<group>";
		};
		43BF1157279F278E00C85039 /* AbsenceRecorderUITests */ = {
			isa = PBXGroup;
			children = (
				43BF1158279F278E00C85039 /* AbsenceRecorderUITests.swift */,
				43BF115A279F278E00C85039 /* AbsenceRecorderUITestsLaunchTests.swift */,
			);
			path = AbsenceRecorderUITests;
			sourceTree = "<group>";
		};
		43BF1167279F29E100C85039 /* Model */ = {
			isa = PBXGroup;
			children = (
				43BF1169279F2A0A00C85039 /* Student.swift */,
				43BF116B279F2A7700C85039 /* Division.swift */,
				43CDC24827AC3264007AAA27 /* StudentAbsence.swift */,
				43CDC24A27AC3DF7007AAA27 /* Absence.swift */,
			);
			path = Model;
			sourceTree = "<group>";
		};
		43BF1168279F29EA00C85039 /* View */ = {
			isa = PBXGroup;
			children = (
				43BF113F279F278D00C85039 /* DivisionsView.swift */,
				43C08C0427A9D64900A3C3E8 /* AbscenceView.swift */,
				436FACE027A0B60900A38286 /* DivisionItem.swift */,
				43C08C0627A9D71600A3C3E8 /* RootTabView.swift */,
				43C08C0927A9DFB400A3C3E8 /* StatisticsView.swift */,
				43CDC24627AC2ED7007AAA27 /* AbsenceItem.swift */,
			);
			path = View;
			sourceTree = "<group>";
		};
/* End PBXGroup section */

/* Begin PBXNativeTarget section */
		43BF1139279F278D00C85039 /* AbsenceRecorder */ = {
			isa = PBXNativeTarget;
			buildConfigurationList = 43BF115E279F278E00C85039 /* Build configuration list for PBXNativeTarget "AbsenceRecorder" */;
			buildPhases = (
				43BF1136279F278D00C85039 /* Sources */,
				43BF1137279F278D00C85039 /* Frameworks */,
				43BF1138279F278D00C85039 /* Resources */,
			);
			buildRules = (
			);
			dependencies = (
			);
			name = AbsenceRecorder;
			productName = AbsenceRecorder;
			productReference = 43BF113A279F278D00C85039 /* AbsenceRecorder.app */;
			productType = "com.apple.product-type.application";
		};
		43BF1149279F278E00C85039 /* AbsenceRecorderTests */ = {
			isa = PBXNativeTarget;
			buildConfigurationList = 43BF1161279F278E00C85039 /* Build configuration list for PBXNativeTarget "AbsenceRecorderTests" */;
			buildPhases = (
				43BF1146279F278E00C85039 /* Sources */,
				43BF1147279F278E00C85039 /* Frameworks */,
				43BF1148279F278E00C85039 /* Resources */,
			);
			buildRules = (
			);
			dependencies = (
				43BF114C279F278E00C85039 /* PBXTargetDependency */,
			);
			name = AbsenceRecorderTests;
			productName = AbsenceRecorderTests;
			productReference = 43BF114A279F278E00C85039 /* AbsenceRecorderTests.xctest */;
			productType = "com.apple.product-type.bundle.unit-test";
		};
		43BF1153279F278E00C85039 /* AbsenceRecorderUITests */ = {
			isa = PBXNativeTarget;
			buildConfigurationList = 43BF1164279F278E00C85039 /* Build configuration list for PBXNativeTarget "AbsenceRecorderUITests" */;
			buildPhases = (
				43BF1150279F278E00C85039 /* Sources */,
				43BF1151279F278E00C85039 /* Frameworks */,
				43BF1152279F278E00C85039 /* Resources */,
			);
			buildRules = (
			);
			dependencies = (
				43BF1156279F278E00C85039 /* PBXTargetDependency */,
			);
			name = AbsenceRecorderUITests;
			productName = AbsenceRecorderUITests;
			productReference = 43BF1154279F278E00C85039 /* AbsenceRecorderUITests.xctest */;
			productType = "com.apple.product-type.bundle.ui-testing";
		};
/* End PBXNativeTarget section */

/* Begin PBXProject section */
		43BF1132279F278D00C85039 /* Project object */ = {
			isa = PBXProject;
			attributes = {
				BuildIndependentTargetsInParallel = 1;
				LastSwiftUpdateCheck = 1320;
				LastUpgradeCheck = 1320;
				TargetAttributes = {
					43BF1139279F278D00C85039 = {
						CreatedOnToolsVersion = 13.2.1;
					};
					43BF1149279F278E00C85039 = {
						CreatedOnToolsVersion = 13.2.1;
						TestTargetID = 43BF1139279F278D00C85039;
					};
					43BF1153279F278E00C85039 = {
						CreatedOnToolsVersion = 13.2.1;
						TestTargetID = 43BF1139279F278D00C85039;
					};
				};
			};
			buildConfigurationList = 43BF1135279F278D00C85039 /* Build configuration list for PBXProject "AbsenceRecorder" */;
			compatibilityVersion = "Xcode 13.0";
			developmentRegion = en;
			hasScannedForEncodings = 0;
			knownRegions = (
				en,
				Base,
			);
			mainGroup = 43BF1131279F278D00C85039;
			productRefGroup = 43BF113B279F278D00C85039 /* Products */;
			projectDirPath = "";
			projectRoot = "";
			targets = (
				43BF1139279F278D00C85039 /* AbsenceRecorder */,
				43BF1149279F278E00C85039 /* AbsenceRecorderTests */,
				43BF1153279F278E00C85039 /* AbsenceRecorderUITests */,
			);
		};
/* End PBXProject section */

/* Begin PBXResourcesBuildPhase section */
		43BF1138279F278D00C85039 /* Resources */ = {
			isa = PBXResourcesBuildPhase;
			buildActionMask = 2147483647;
			files = (
				43BF1145279F278E00C85039 /* Preview Assets.xcassets in Resources */,
				43BF1142279F278E00C85039 /* Assets.xcassets in Resources */,
			);
			runOnlyForDeploymentPostprocessing = 0;
		};
		43BF1148279F278E00C85039 /* Resources */ = {
			isa = PBXResourcesBuildPhase;
			buildActionMask = 2147483647;
			files = (
			);
			runOnlyForDeploymentPostprocessing = 0;
		};
		43BF1152279F278E00C85039 /* Resources */ = {
			isa = PBXResourcesBuildPhase;
			buildActionMask = 2147483647;
			files = (
			);
			runOnlyForDeploymentPostprocessing = 0;
		};
/* End PBXResourcesBuildPhase section */

/* Begin PBXSourcesBuildPhase section */
		43BF1136279F278D00C85039 /* Sources */ = {
			isa = PBXSourcesBuildPhase;
			buildActionMask = 2147483647;
			files = (
				43BF1140279F278D00C85039 /* DivisionsView.swift in Sources */,
				436FACDF27A0A56C00A38286 /* Date.swift in Sources */,
				43C08C0727A9D71600A3C3E8 /* RootTabView.swift in Sources */,
				4360420427B5D1AE000CD8E7 /* FileManager.swift in Sources */,
				43CDC24927AC3264007AAA27 /* StudentAbsence.swift in Sources */,
				43BF116A279F2A0A00C85039 /* Student.swift in Sources */,
				43CDC24727AC2ED7007AAA27 /* AbsenceItem.swift in Sources */,
				43C08C0A27A9DFB400A3C3E8 /* StatisticsView.swift in Sources */,
				43BF116C279F2A7700C85039 /* Division.swift in Sources */,
				43C08C0527A9D64900A3C3E8 /* AbscenceView.swift in Sources */,
				43BF113E279F278D00C85039 /* AbsenceRecorderApp.swift in Sources */,
				436FACE127A0B60900A38286 /* DivisionItem.swift in Sources */,
				43CDC24B27AC3DF7007AAA27 /* Absence.swift in Sources */,
				43C08C0E27A9E49A00A3C3E8 /* StateController.swift in Sources */,
			);
			runOnlyForDeploymentPostprocessing = 0;
		};
		43BF1146279F278E00C85039 /* Sources */ = {
			isa = PBXSourcesBuildPhase;
			buildActionMask = 2147483647;
			files = (
				43CDC24D27AC40AC007AAA27 /* DivisionTests.swift in Sources */,
				43BF114F279F278E00C85039 /* AbsenceRecorderTests.swift in Sources */,
			);
			runOnlyForDeploymentPostprocessing = 0;
		};
		43BF1150279F278E00C85039 /* Sources */ = {
			isa = PBXSourcesBuildPhase;
			buildActionMask = 2147483647;
			files = (
				43BF115B279F278E00C85039 /* AbsenceRecorderUITestsLaunchTests.swift in Sources */,
				43BF1159279F278E00C85039 /* AbsenceRecorderUITests.swift in Sources */,
			);
			runOnlyForDeploymentPostprocessing = 0;
		};
/* End PBXSourcesBuildPhase section */

/* Begin PBXTargetDependency section */
		43BF114C279F278E00C85039 /* PBXTargetDependency */ = {
			isa = PBXTargetDependency;
			target = 43BF1139279F278D00C85039 /* AbsenceRecorder */;
			targetProxy = 43BF114B279F278E00C85039 /* PBXContainerItemProxy */;
		};
		43BF1156279F278E00C85039 /* PBXTargetDependency */ = {
			isa = PBXTargetDependency;
			target = 43BF1139279F278D00C85039 /* AbsenceRecorder */;
			targetProxy = 43BF1155279F278E00C85039 /* PBXContainerItemProxy */;
		};
/* End PBXTargetDependency section */

/* Begin XCBuildConfiguration section */
		43BF115C279F278E00C85039 /* Debug */ = {
			isa = XCBuildConfiguration;
			buildSettings = {
				ALWAYS_SEARCH_USER_PATHS = NO;
				CLANG_ANALYZER_NONNULL = YES;
				CLANG_ANALYZER_NUMBER_OBJECT_CONVERSION = YES_AGGRESSIVE;
				CLANG_CXX_LANGUAGE_STANDARD = "gnu++17";
				CLANG_CXX_LIBRARY = "libc++";
				CLANG_ENABLE_MODULES = YES;
				CLANG_ENABLE_OBJC_ARC = YES;
				CLANG_ENABLE_OBJC_WEAK = YES;
				CLANG_WARN_BLOCK_CAPTURE_AUTORELEASING = YES;
				CLANG_WARN_BOOL_CONVERSION = YES;
				CLANG_WARN_COMMA = YES;
				CLANG_WARN_CONSTANT_CONVERSION = YES;
				CLANG_WARN_DEPRECATED_OBJC_IMPLEMENTATIONS = YES;
				CLANG_WARN_DIRECT_OBJC_ISA_USAGE = YES_ERROR;
				CLANG_WARN_DOCUMENTATION_COMMENTS = YES;
				CLANG_WARN_EMPTY_BODY = YES;
				CLANG_WARN_ENUM_CONVERSION = YES;
				CLANG_WARN_INFINITE_RECURSION = YES;
				CLANG_WARN_INT_CONVERSION = YES;
				CLANG_WARN_NON_LITERAL_NULL_CONVERSION = YES;
				CLANG_WARN_OBJC_IMPLICIT_RETAIN_SELF = YES;
				CLANG_WARN_OBJC_LITERAL_CONVERSION = YES;
				CLANG_WARN_OBJC_ROOT_CLASS = YES_ERROR;
				CLANG_WARN_QUOTED_INCLUDE_IN_FRAMEWORK_HEADER = YES;
				CLANG_WARN_RANGE_LOOP_ANALYSIS = YES;
				CLANG_WARN_STRICT_PROTOTYPES = YES;
				CLANG_WARN_SUSPICIOUS_MOVE = YES;
				CLANG_WARN_UNGUARDED_AVAILABILITY = YES_AGGRESSIVE;
				CLANG_WARN_UNREACHABLE_CODE = YES;
				CLANG_WARN__DUPLICATE_METHOD_MATCH = YES;
				COPY_PHASE_STRIP = NO;
				DEBUG_INFORMATION_FORMAT = dwarf;
				ENABLE_STRICT_OBJC_MSGSEND = YES;
				ENABLE_TESTABILITY = YES;
				GCC_C_LANGUAGE_STANDARD = gnu11;
				GCC_DYNAMIC_NO_PIC = NO;
				GCC_NO_COMMON_BLOCKS = YES;
				GCC_OPTIMIZATION_LEVEL = 0;
				GCC_PREPROCESSOR_DEFINITIONS = (
					"DEBUG=1",
					"$(inherited)",
				);
				GCC_WARN_64_TO_32_BIT_CONVERSION = YES;
				GCC_WARN_ABOUT_RETURN_TYPE = YES_ERROR;
				GCC_WARN_UNDECLARED_SELECTOR = YES;
				GCC_WARN_UNINITIALIZED_AUTOS = YES_AGGRESSIVE;
				GCC_WARN_UNUSED_FUNCTION = YES;
				GCC_WARN_UNUSED_VARIABLE = YES;
				IPHONEOS_DEPLOYMENT_TARGET = 15.2;
				MTL_ENABLE_DEBUG_INFO = INCLUDE_SOURCE;
				MTL_FAST_MATH = YES;
				ONLY_ACTIVE_ARCH = YES;
				SDKROOT = iphoneos;
				SWIFT_ACTIVE_COMPILATION_CONDITIONS = DEBUG;
				SWIFT_OPTIMIZATION_LEVEL = "-Onone";
			};
			name = Debug;
		};
		43BF115D279F278E00C85039 /* Release */ = {
			isa = XCBuildConfiguration;
			buildSettings = {
				ALWAYS_SEARCH_USER_PATHS = NO;
				CLANG_ANALYZER_NONNULL = YES;
				CLANG_ANALYZER_NUMBER_OBJECT_CONVERSION = YES_AGGRESSIVE;
				CLANG_CXX_LANGUAGE_STANDARD = "gnu++17";
				CLANG_CXX_LIBRARY = "libc++";
				CLANG_ENABLE_MODULES = YES;
				CLANG_ENABLE_OBJC_ARC = YES;
				CLANG_ENABLE_OBJC_WEAK = YES;
				CLANG_WARN_BLOCK_CAPTURE_AUTORELEASING = YES;
				CLANG_WARN_BOOL_CONVERSION = YES;
				CLANG_WARN_COMMA = YES;
				CLANG_WARN_CONSTANT_CONVERSION = YES;
				CLANG_WARN_DEPRECATED_OBJC_IMPLEMENTATIONS = YES;
				CLANG_WARN_DIRECT_OBJC_ISA_USAGE = YES_ERROR;
				CLANG_WARN_DOCUMENTATION_COMMENTS = YES;
				CLANG_WARN_EMPTY_BODY = YES;
				CLANG_WARN_ENUM_CONVERSION = YES;
				CLANG_WARN_INFINITE_RECURSION = YES;
				CLANG_WARN_INT_CONVERSION = YES;
				CLANG_WARN_NON_LITERAL_NULL_CONVERSION = YES;
				CLANG_WARN_OBJC_IMPLICIT_RETAIN_SELF = YES;
				CLANG_WARN_OBJC_LITERAL_CONVERSION = YES;
				CLANG_WARN_OBJC_ROOT_CLASS = YES_ERROR;
				CLANG_WARN_QUOTED_INCLUDE_IN_FRAMEWORK_HEADER = YES;
				CLANG_WARN_RANGE_LOOP_ANALYSIS = YES;
				CLANG_WARN_STRICT_PROTOTYPES = YES;
				CLANG_WARN_SUSPICIOUS_MOVE = YES;
				CLANG_WARN_UNGUARDED_AVAILABILITY = YES_AGGRESSIVE;
				CLANG_WARN_UNREACHABLE_CODE = YES;
				CLANG_WARN__DUPLICATE_METHOD_MATCH = YES;
				COPY_PHASE_STRIP = NO;
				DEBUG_INFORMATION_FORMAT = "dwarf-with-dsym";
				ENABLE_NS_ASSERTIONS = NO;
				ENABLE_STRICT_OBJC_MSGSEND = YES;
				GCC_C_LANGUAGE_STANDARD = gnu11;
				GCC_NO_COMMON_BLOCKS = YES;
				GCC_WARN_64_TO_32_BIT_CONVERSION = YES;
				GCC_WARN_ABOUT_RETURN_TYPE = YES_ERROR;
				GCC_WARN_UNDECLARED_SELECTOR = YES;
				GCC_WARN_UNINITIALIZED_AUTOS = YES_AGGRESSIVE;
				GCC_WARN_UNUSED_FUNCTION = YES;
				GCC_WARN_UNUSED_VARIABLE = YES;
				IPHONEOS_DEPLOYMENT_TARGET = 15.2;
				MTL_ENABLE_DEBUG_INFO = NO;
				MTL_FAST_MATH = YES;
				SDKROOT = iphoneos;
				SWIFT_COMPILATION_MODE = wholemodule;
				SWIFT_OPTIMIZATION_LEVEL = "-O";
				VALIDATE_PRODUCT = YES;
			};
			name = Release;
		};
		43BF115F279F278E00C85039 /* Debug */ = {
			isa = XCBuildConfiguration;
			buildSettings = {
				ASSETCATALOG_COMPILER_APPICON_NAME = AppIcon;
				ASSETCATALOG_COMPILER_GLOBAL_ACCENT_COLOR_NAME = AccentColor;
				CODE_SIGN_STYLE = Automatic;
				CURRENT_PROJECT_VERSION = 1;
				DEVELOPMENT_ASSET_PATHS = "\"AbsenceRecorder/Preview Content\"";
				ENABLE_PREVIEWS = YES;
				GENERATE_INFOPLIST_FILE = YES;
				INFOPLIST_KEY_UIApplicationSceneManifest_Generation = YES;
				INFOPLIST_KEY_UIApplicationSupportsIndirectInputEvents = YES;
				INFOPLIST_KEY_UILaunchScreen_Generation = YES;
				INFOPLIST_KEY_UISupportedInterfaceOrientations_iPad = "UIInterfaceOrientationPortrait UIInterfaceOrientationPortraitUpsideDown UIInterfaceOrientationLandscapeLeft UIInterfaceOrientationLandscapeRight";
				INFOPLIST_KEY_UISupportedInterfaceOrientations_iPhone = "UIInterfaceOrientationPortrait UIInterfaceOrientationLandscapeLeft UIInterfaceOrientationLandscapeRight";
				LD_RUNPATH_SEARCH_PATHS = (
					"$(inherited)",
					"@executable_path/Frameworks",
				);
				MARKETING_VERSION = 1.0;
				PRODUCT_BUNDLE_IDENTIFIER = orcaEnterprises.AbsenceRecorder;
				PRODUCT_NAME = "$(TARGET_NAME)";
				SWIFT_EMIT_LOC_STRINGS = YES;
				SWIFT_VERSION = 5.0;
				TARGETED_DEVICE_FAMILY = "1,2";
			};
			name = Debug;
		};
		43BF1160279F278E00C85039 /* Release */ = {
			isa = XCBuildConfiguration;
			buildSettings = {
				ASSETCATALOG_COMPILER_APPICON_NAME = AppIcon;
				ASSETCATALOG_COMPILER_GLOBAL_ACCENT_COLOR_NAME = AccentColor;
				CODE_SIGN_STYLE = Automatic;
				CURRENT_PROJECT_VERSION = 1;
				DEVELOPMENT_ASSET_PATHS = "\"AbsenceRecorder/Preview Content\"";
				ENABLE_PREVIEWS = YES;
				GENERATE_INFOPLIST_FILE = YES;
				INFOPLIST_KEY_UIApplicationSceneManifest_Generation = YES;
				INFOPLIST_KEY_UIApplicationSupportsIndirectInputEvents = YES;
				INFOPLIST_KEY_UILaunchScreen_Generation = YES;
				INFOPLIST_KEY_UISupportedInterfaceOrientations_iPad = "UIInterfaceOrientationPortrait UIInterfaceOrientationPortraitUpsideDown UIInterfaceOrientationLandscapeLeft UIInterfaceOrientationLandscapeRight";
				INFOPLIST_KEY_UISupportedInterfaceOrientations_iPhone = "UIInterfaceOrientationPortrait UIInterfaceOrientationLandscapeLeft UIInterfaceOrientationLandscapeRight";
				LD_RUNPATH_SEARCH_PATHS = (
					"$(inherited)",
					"@executable_path/Frameworks",
				);
				MARKETING_VERSION = 1.0;
				PRODUCT_BUNDLE_IDENTIFIER = orcaEnterprises.AbsenceRecorder;
				PRODUCT_NAME = "$(TARGET_NAME)";
				SWIFT_EMIT_LOC_STRINGS = YES;
				SWIFT_VERSION = 5.0;
				TARGETED_DEVICE_FAMILY = "1,2";
			};
			name = Release;
		};
		43BF1162279F278E00C85039 /* Debug */ = {
			isa = XCBuildConfiguration;
			buildSettings = {
				ALWAYS_EMBED_SWIFT_STANDARD_LIBRARIES = YES;
				BUNDLE_LOADER = "$(TEST_HOST)";
				CODE_SIGN_STYLE = Automatic;
				CURRENT_PROJECT_VERSION = 1;
				GENERATE_INFOPLIST_FILE = YES;
				IPHONEOS_DEPLOYMENT_TARGET = 15.2;
				MARKETING_VERSION = 1.0;
				PRODUCT_BUNDLE_IDENTIFIER = orcaEnterprises.AbsenceRecorderTests;
				PRODUCT_NAME = "$(TARGET_NAME)";
				SWIFT_EMIT_LOC_STRINGS = NO;
				SWIFT_VERSION = 5.0;
				TARGETED_DEVICE_FAMILY = "1,2";
				TEST_HOST = "$(BUILT_PRODUCTS_DIR)/AbsenceRecorder.app/AbsenceRecorder";
			};
			name = Debug;
		};
		43BF1163279F278E00C85039 /* Release */ = {
			isa = XCBuildConfiguration;
			buildSettings = {
				ALWAYS_EMBED_SWIFT_STANDARD_LIBRARIES = YES;
				BUNDLE_LOADER = "$(TEST_HOST)";
				CODE_SIGN_STYLE = Automatic;
				CURRENT_PROJECT_VERSION = 1;
				GENERATE_INFOPLIST_FILE = YES;
				IPHONEOS_DEPLOYMENT_TARGET = 15.2;
				MARKETING_VERSION = 1.0;
				PRODUCT_BUNDLE_IDENTIFIER = orcaEnterprises.AbsenceRecorderTests;
				PRODUCT_NAME = "$(TARGET_NAME)";
				SWIFT_EMIT_LOC_STRINGS = NO;
				SWIFT_VERSION = 5.0;
				TARGETED_DEVICE_FAMILY = "1,2";
				TEST_HOST = "$(BUILT_PRODUCTS_DIR)/AbsenceRecorder.app/AbsenceRecorder";
			};
			name = Release;
		};
		43BF1165279F278E00C85039 /* Debug */ = {
			isa = XCBuildConfiguration;
			buildSettings = {
				ALWAYS_EMBED_SWIFT_STANDARD_LIBRARIES = YES;
				CODE_SIGN_STYLE = Automatic;
				CURRENT_PROJECT_VERSION = 1;
				GENERATE_INFOPLIST_FILE = YES;
				MARKETING_VERSION = 1.0;
				PRODUCT_BUNDLE_IDENTIFIER = orcaEnterprises.AbsenceRecorderUITests;
				PRODUCT_NAME = "$(TARGET_NAME)";
				SWIFT_EMIT_LOC_STRINGS = NO;
				SWIFT_VERSION = 5.0;
				TARGETED_DEVICE_FAMILY = "1,2";
				TEST_TARGET_NAME = AbsenceRecorder;
			};
			name = Debug;
		};
		43BF1166279F278E00C85039 /* Release */ = {
			isa = XCBuildConfiguration;
			buildSettings = {
				ALWAYS_EMBED_SWIFT_STANDARD_LIBRARIES = YES;
				CODE_SIGN_STYLE = Automatic;
				CURRENT_PROJECT_VERSION = 1;
				GENERATE_INFOPLIST_FILE = YES;
				MARKETING_VERSION = 1.0;
				PRODUCT_BUNDLE_IDENTIFIER = orcaEnterprises.AbsenceRecorderUITests;
				PRODUCT_NAME = "$(TARGET_NAME)";
				SWIFT_EMIT_LOC_STRINGS = NO;
				SWIFT_VERSION = 5.0;
				TARGETED_DEVICE_FAMILY = "1,2";
				TEST_TARGET_NAME = AbsenceRecorder;
			};
			name = Release;
		};
/* End XCBuildConfiguration section */

/* Begin XCConfigurationList section */
		43BF1135279F278D00C85039 /* Build configuration list for PBXProject "AbsenceRecorder" */ = {
			isa = XCConfigurationList;
			buildConfigurations = (
				43BF115C279F278E00C85039 /* Debug */,
				43BF115D279F278E00C85039 /* Release */,
			);
			defaultConfigurationIsVisible = 0;
			defaultConfigurationName = Release;
		};
		43BF115E279F278E00C85039 /* Build configuration list for PBXNativeTarget "AbsenceRecorder" */ = {
			isa = XCConfigurationList;
			buildConfigurations = (
				43BF115F279F278E00C85039 /* Debug */,
				43BF1160279F278E00C85039 /* Release */,
			);
			defaultConfigurationIsVisible = 0;
			defaultConfigurationName = Release;
		};
		43BF1161279F278E00C85039 /* Build configuration list for PBXNativeTarget "AbsenceRecorderTests" */ = {
			isa = XCConfigurationList;
			buildConfigurations = (
				43BF1162279F278E00C85039 /* Debug */,
				43BF1163279F278E00C85039 /* Release */,
			);
			defaultConfigurationIsVisible = 0;
			defaultConfigurationName = Release;
		};
		43BF1164279F278E00C85039 /* Build configuration list for PBXNativeTarget "AbsenceRecorderUITests" */ = {
			isa = XCConfigurationList;
			buildConfigurations = (
				43BF1165279F278E00C85039 /* Debug */,
				43BF1166279F278E00C85039 /* Release */,
			);
			defaultConfigurationIsVisible = 0;
			defaultConfigurationName = Release;
		};
/* End XCConfigurationList section */
	};
	rootObject = 43BF1132279F278D00C85039 /* Project object */;
}
